// !$*UTF8*$!
{
	archiveVersion = 1;
	classes = {
	};
	objectVersion = 55;
	objects = {

/* Begin PBXBuildFile section */
		06269728288EB09A007ED8B6 /* Tab.swift in Sources */ = {isa = PBXBuildFile; fileRef = 06269727288EB09A007ED8B6 /* Tab.swift */; };
		0626972C288EB22B007ED8B6 /* Localizable.strings in Resources */ = {isa = PBXBuildFile; fileRef = 0626972E288EB22B007ED8B6 /* Localizable.strings */; };
		06288BBF288EB3EB001883D9 /* String+Localized.swift in Sources */ = {isa = PBXBuildFile; fileRef = 06288BBE288EB3EB001883D9 /* String+Localized.swift */; };
		06288BC2288EB766001883D9 /* TabView.swift in Sources */ = {isa = PBXBuildFile; fileRef = 06288BC1288EB766001883D9 /* TabView.swift */; };
		06288BC4288EBAB9001883D9 /* MorzeTabBar.swift in Sources */ = {isa = PBXBuildFile; fileRef = 06288BC3288EBAB9001883D9 /* MorzeTabBar.swift */; };
		06288BC6288EBAEF001883D9 /* PreferenceKey.swift in Sources */ = {isa = PBXBuildFile; fileRef = 06288BC5288EBAEF001883D9 /* PreferenceKey.swift */; };
		06288BC9288EBBDB001883D9 /* UIView+BackgroundStyle.swift in Sources */ = {isa = PBXBuildFile; fileRef = 06288BC8288EBBDB001883D9 /* UIView+BackgroundStyle.swift */; };
		06288BD5288ECD3E001883D9 /* HomeView.swift in Sources */ = {isa = PBXBuildFile; fileRef = 06288BD4288ECD3E001883D9 /* HomeView.swift */; };
		06288BD7288ECD51001883D9 /* TransmitterView.swift in Sources */ = {isa = PBXBuildFile; fileRef = 06288BD6288ECD51001883D9 /* TransmitterView.swift */; };
		06288BD9288ECD5B001883D9 /* SettingsView.swift in Sources */ = {isa = PBXBuildFile; fileRef = 06288BD8288ECD5B001883D9 /* SettingsView.swift */; };
		063C434C2891195A00957460 /* LogInView.swift in Sources */ = {isa = PBXBuildFile; fileRef = 063C434B2891195A00957460 /* LogInView.swift */; };
		06452D8428A288590072081F /* View+CornerRadius.swift in Sources */ = {isa = PBXBuildFile; fileRef = 06452D8328A288590072081F /* View+CornerRadius.swift */; };
		06452D8728A293FD0072081F /* Introspect in Frameworks */ = {isa = PBXBuildFile; productRef = 06452D8628A293FD0072081F /* Introspect */; };
		0647766A288ECFF500DCECD5 /* Colors.swift in Sources */ = {isa = PBXBuildFile; fileRef = 06477669288ECFF500DCECD5 /* Colors.swift */; };
		06761CCD288EA7A800A91FE8 /* MorzeApp.swift in Sources */ = {isa = PBXBuildFile; fileRef = 06761CCC288EA7A800A91FE8 /* MorzeApp.swift */; };
		06761CD1288EA7AC00A91FE8 /* Assets.xcassets in Resources */ = {isa = PBXBuildFile; fileRef = 06761CD0288EA7AC00A91FE8 /* Assets.xcassets */; };
		06761CD4288EA7AC00A91FE8 /* Preview Assets.xcassets in Resources */ = {isa = PBXBuildFile; fileRef = 06761CD3288EA7AC00A91FE8 /* Preview Assets.xcassets */; };
/* End PBXBuildFile section */

/* Begin PBXFileReference section */
		06269727288EB09A007ED8B6 /* Tab.swift */ = {isa = PBXFileReference; lastKnownFileType = sourcecode.swift; path = Tab.swift; sourceTree = "<group>"; };
		0626972D288EB22B007ED8B6 /* uk */ = {isa = PBXFileReference; lastKnownFileType = text.plist.strings; name = uk; path = uk.lproj/Localizable.strings; sourceTree = "<group>"; };
		0626972F288EB22D007ED8B6 /* en */ = {isa = PBXFileReference; lastKnownFileType = text.plist.strings; name = en; path = en.lproj/Localizable.strings; sourceTree = "<group>"; };
		06288BBE288EB3EB001883D9 /* String+Localized.swift */ = {isa = PBXFileReference; lastKnownFileType = sourcecode.swift; path = "String+Localized.swift"; sourceTree = "<group>"; };
		06288BC1288EB766001883D9 /* TabView.swift */ = {isa = PBXFileReference; lastKnownFileType = sourcecode.swift; path = TabView.swift; sourceTree = "<group>"; };
		06288BC3288EBAB9001883D9 /* MorzeTabBar.swift */ = {isa = PBXFileReference; lastKnownFileType = sourcecode.swift; path = MorzeTabBar.swift; sourceTree = "<group>"; };
		06288BC5288EBAEF001883D9 /* PreferenceKey.swift */ = {isa = PBXFileReference; lastKnownFileType = sourcecode.swift; path = PreferenceKey.swift; sourceTree = "<group>"; };
		06288BC8288EBBDB001883D9 /* UIView+BackgroundStyle.swift */ = {isa = PBXFileReference; lastKnownFileType = sourcecode.swift; path = "UIView+BackgroundStyle.swift"; sourceTree = "<group>"; };
		06288BD4288ECD3E001883D9 /* HomeView.swift */ = {isa = PBXFileReference; lastKnownFileType = sourcecode.swift; path = HomeView.swift; sourceTree = "<group>"; };
		06288BD6288ECD51001883D9 /* TransmitterView.swift */ = {isa = PBXFileReference; lastKnownFileType = sourcecode.swift; path = TransmitterView.swift; sourceTree = "<group>"; };
		06288BD8288ECD5B001883D9 /* SettingsView.swift */ = {isa = PBXFileReference; lastKnownFileType = sourcecode.swift; path = SettingsView.swift; sourceTree = "<group>"; };
		063C434B2891195A00957460 /* LogInView.swift */ = {isa = PBXFileReference; lastKnownFileType = sourcecode.swift; path = LogInView.swift; sourceTree = "<group>"; };
		06452D8328A288590072081F /* View+CornerRadius.swift */ = {isa = PBXFileReference; lastKnownFileType = sourcecode.swift; path = "View+CornerRadius.swift"; sourceTree = "<group>"; };
		06477669288ECFF500DCECD5 /* Colors.swift */ = {isa = PBXFileReference; lastKnownFileType = sourcecode.swift; path = Colors.swift; sourceTree = "<group>"; };
		06761CC9288EA7A800A91FE8 /* Morze.app */ = {isa = PBXFileReference; explicitFileType = wrapper.application; includeInIndex = 0; path = Morze.app; sourceTree = BUILT_PRODUCTS_DIR; };
		06761CCC288EA7A800A91FE8 /* MorzeApp.swift */ = {isa = PBXFileReference; lastKnownFileType = sourcecode.swift; path = MorzeApp.swift; sourceTree = "<group>"; };
		06761CD0288EA7AC00A91FE8 /* Assets.xcassets */ = {isa = PBXFileReference; lastKnownFileType = folder.assetcatalog; path = Assets.xcassets; sourceTree = "<group>"; };
		06761CD3288EA7AC00A91FE8 /* Preview Assets.xcassets */ = {isa = PBXFileReference; lastKnownFileType = folder.assetcatalog; path = "Preview Assets.xcassets"; sourceTree = "<group>"; };
		06761CDA288EAD7900A91FE8 /* Info.plist */ = {isa = PBXFileReference; lastKnownFileType = text.plist; path = Info.plist; sourceTree = "<group>"; };
/* End PBXFileReference section */

/* Begin PBXFrameworksBuildPhase section */
		06761CC6288EA7A800A91FE8 /* Frameworks */ = {
			isa = PBXFrameworksBuildPhase;
			buildActionMask = 2147483647;
			files = (
				06452D8728A293FD0072081F /* Introspect in Frameworks */,
			);
			runOnlyForDeploymentPostprocessing = 0;
		};
/* End PBXFrameworksBuildPhase section */

/* Begin PBXGroup section */
		06269730288EB331007ED8B6 /* Extensions */ = {
			isa = PBXGroup;
			children = (
				06477668288ECFEA00DCECD5 /* UI */,
				06288BC7288EBBB0001883D9 /* Modifiers */,
				06288BBE288EB3EB001883D9 /* String+Localized.swift */,
			);
			path = Extensions;
			sourceTree = "<group>";
		};
		06288BC0288EB75C001883D9 /* General */ = {
			isa = PBXGroup;
			children = (
				06288BC1288EB766001883D9 /* TabView.swift */,
				06288BC3288EBAB9001883D9 /* MorzeTabBar.swift */,
			);
			path = General;
			sourceTree = "<group>";
		};
		06288BC7288EBBB0001883D9 /* Modifiers */ = {
			isa = PBXGroup;
			children = (
				06288BC8288EBBDB001883D9 /* UIView+BackgroundStyle.swift */,
			);
			path = Modifiers;
			sourceTree = "<group>";
		};
		06288BCA288EBD4F001883D9 /* Home */ = {
			isa = PBXGroup;
			children = (
				06288BD4288ECD3E001883D9 /* HomeView.swift */,
			);
			path = Home;
			sourceTree = "<group>";
		};
		06288BCB288EBD5C001883D9 /* Transmitter */ = {
			isa = PBXGroup;
			children = (
				06288BD6288ECD51001883D9 /* TransmitterView.swift */,
			);
			path = Transmitter;
			sourceTree = "<group>";
		};
		06288BCC288EBD63001883D9 /* Settings */ = {
			isa = PBXGroup;
			children = (
				06288BD8288ECD5B001883D9 /* SettingsView.swift */,
			);
			path = Settings;
			sourceTree = "<group>";
		};
		063C434A2891194000957460 /* LogIn */ = {
			isa = PBXGroup;
			children = (
				063C434B2891195A00957460 /* LogInView.swift */,
			);
			path = LogIn;
			sourceTree = "<group>";
		};
		06477668288ECFEA00DCECD5 /* UI */ = {
			isa = PBXGroup;
			children = (
				06477669288ECFF500DCECD5 /* Colors.swift */,
				06452D8328A288590072081F /* View+CornerRadius.swift */,
			);
			path = UI;
			sourceTree = "<group>";
		};
		06761CC0288EA7A800A91FE8 = {
			isa = PBXGroup;
			children = (
				06761CCB288EA7A800A91FE8 /* Morze */,
				06761CCA288EA7A800A91FE8 /* Products */,
			);
			sourceTree = "<group>";
		};
		06761CCA288EA7A800A91FE8 /* Products */ = {
			isa = PBXGroup;
			children = (
				06761CC9288EA7A800A91FE8 /* Morze.app */,
			);
			name = Products;
			sourceTree = "<group>";
		};
		06761CCB288EA7A800A91FE8 /* Morze */ = {
			isa = PBXGroup;
			children = (
				06761CCC288EA7A800A91FE8 /* MorzeApp.swift */,
				06269730288EB331007ED8B6 /* Extensions */,
				06761CDD288EAE9500A91FE8 /* View */,
				06B64C6628901C9C00316FD3 /* ViewModels */,
				06B64C6528901C9100316FD3 /* DataRepositories */,
				06761CDE288EAE9E00A91FE8 /* Models */,
				06761CDA288EAD7900A91FE8 /* Info.plist */,
				06761CD0288EA7AC00A91FE8 /* Assets.xcassets */,
				06761CD2288EA7AC00A91FE8 /* Preview Content */,
				0626972E288EB22B007ED8B6 /* Localizable.strings */,
			);
			path = Morze;
			sourceTree = "<group>";
		};
		06761CD2288EA7AC00A91FE8 /* Preview Content */ = {
			isa = PBXGroup;
			children = (
				06761CD3288EA7AC00A91FE8 /* Preview Assets.xcassets */,
			);
			path = "Preview Content";
			sourceTree = "<group>";
		};
		06761CDD288EAE9500A91FE8 /* View */ = {
			isa = PBXGroup;
			children = (
				063C434A2891194000957460 /* LogIn */,
				06288BCA288EBD4F001883D9 /* Home */,
				06288BCB288EBD5C001883D9 /* Transmitter */,
				06288BCC288EBD63001883D9 /* Settings */,
				06288BC0288EB75C001883D9 /* General */,
			);
			path = View;
			sourceTree = "<group>";
		};
		06761CDE288EAE9E00A91FE8 /* Models */ = {
			isa = PBXGroup;
			children = (
				06269727288EB09A007ED8B6 /* Tab.swift */,
				06288BC5288EBAEF001883D9 /* PreferenceKey.swift */,
			);
			path = Models;
			sourceTree = "<group>";
		};
		06B64C6528901C9100316FD3 /* DataRepositories */ = {
			isa = PBXGroup;
			children = (
			);
			path = DataRepositories;
			sourceTree = "<group>";
		};
		06B64C6628901C9C00316FD3 /* ViewModels */ = {
			isa = PBXGroup;
			children = (
			);
			path = ViewModels;
			sourceTree = "<group>";
		};
/* End PBXGroup section */

/* Begin PBXNativeTarget section */
		06761CC8288EA7A800A91FE8 /* Morze */ = {
			isa = PBXNativeTarget;
			buildConfigurationList = 06761CD7288EA7AC00A91FE8 /* Build configuration list for PBXNativeTarget "Morze" */;
			buildPhases = (
				06761CC5288EA7A800A91FE8 /* Sources */,
				06761CC6288EA7A800A91FE8 /* Frameworks */,
				06761CC7288EA7A800A91FE8 /* Resources */,
			);
			buildRules = (
			);
			dependencies = (
			);
			name = Morze;
			packageProductDependencies = (
				06452D8628A293FD0072081F /* Introspect */,
			);
			productName = Morze;
			productReference = 06761CC9288EA7A800A91FE8 /* Morze.app */;
			productType = "com.apple.product-type.application";
		};
/* End PBXNativeTarget section */

/* Begin PBXProject section */
		06761CC1288EA7A800A91FE8 /* Project object */ = {
			isa = PBXProject;
			attributes = {
				BuildIndependentTargetsInParallel = 1;
				LastSwiftUpdateCheck = 1340;
				LastUpgradeCheck = 1340;
				TargetAttributes = {
					06761CC8288EA7A800A91FE8 = {
						CreatedOnToolsVersion = 13.4.1;
					};
				};
			};
			buildConfigurationList = 06761CC4288EA7A800A91FE8 /* Build configuration list for PBXProject "Morze" */;
			compatibilityVersion = "Xcode 13.0";
			developmentRegion = en;
			hasScannedForEncodings = 0;
			knownRegions = (
				en,
				Base,
				uk,
			);
			mainGroup = 06761CC0288EA7A800A91FE8;
			packageReferences = (
				06452D8528A293FD0072081F /* XCRemoteSwiftPackageReference "SwiftUI-Introspect" */,
			);
			productRefGroup = 06761CCA288EA7A800A91FE8 /* Products */;
			projectDirPath = "";
			projectRoot = "";
			targets = (
				06761CC8288EA7A800A91FE8 /* Morze */,
			);
		};
/* End PBXProject section */

/* Begin PBXResourcesBuildPhase section */
		06761CC7288EA7A800A91FE8 /* Resources */ = {
			isa = PBXResourcesBuildPhase;
			buildActionMask = 2147483647;
			files = (
				06761CD4288EA7AC00A91FE8 /* Preview Assets.xcassets in Resources */,
				0626972C288EB22B007ED8B6 /* Localizable.strings in Resources */,
				06761CD1288EA7AC00A91FE8 /* Assets.xcassets in Resources */,
			);
			runOnlyForDeploymentPostprocessing = 0;
		};
/* End PBXResourcesBuildPhase section */

/* Begin PBXSourcesBuildPhase section */
		06761CC5288EA7A800A91FE8 /* Sources */ = {
			isa = PBXSourcesBuildPhase;
			buildActionMask = 2147483647;
			files = (
				06288BD7288ECD51001883D9 /* TransmitterView.swift in Sources */,
				06452D8428A288590072081F /* View+CornerRadius.swift in Sources */,
				0647766A288ECFF500DCECD5 /* Colors.swift in Sources */,
				06288BD5288ECD3E001883D9 /* HomeView.swift in Sources */,
				06288BC2288EB766001883D9 /* TabView.swift in Sources */,
				06269728288EB09A007ED8B6 /* Tab.swift in Sources */,
				06288BBF288EB3EB001883D9 /* String+Localized.swift in Sources */,
				063C434C2891195A00957460 /* LogInView.swift in Sources */,
				06288BC6288EBAEF001883D9 /* PreferenceKey.swift in Sources */,
				06288BC9288EBBDB001883D9 /* UIView+BackgroundStyle.swift in Sources */,
				06288BC4288EBAB9001883D9 /* MorzeTabBar.swift in Sources */,
				06761CCD288EA7A800A91FE8 /* MorzeApp.swift in Sources */,
				06288BD9288ECD5B001883D9 /* SettingsView.swift in Sources */,
			);
			runOnlyForDeploymentPostprocessing = 0;
		};
/* End PBXSourcesBuildPhase section */

/* Begin PBXVariantGroup section */
		0626972E288EB22B007ED8B6 /* Localizable.strings */ = {
			isa = PBXVariantGroup;
			children = (
				0626972D288EB22B007ED8B6 /* uk */,
				0626972F288EB22D007ED8B6 /* en */,
			);
			name = Localizable.strings;
			sourceTree = "<group>";
		};
/* End PBXVariantGroup section */

/* Begin XCBuildConfiguration section */
		06761CD5288EA7AC00A91FE8 /* Debug */ = {
			isa = XCBuildConfiguration;
			buildSettings = {
				ALWAYS_SEARCH_USER_PATHS = NO;
				CLANG_ANALYZER_NONNULL = YES;
				CLANG_ANALYZER_NUMBER_OBJECT_CONVERSION = YES_AGGRESSIVE;
				CLANG_CXX_LANGUAGE_STANDARD = "gnu++17";
				CLANG_ENABLE_MODULES = YES;
				CLANG_ENABLE_OBJC_ARC = YES;
				CLANG_ENABLE_OBJC_WEAK = YES;
				CLANG_WARN_BLOCK_CAPTURE_AUTORELEASING = YES;
				CLANG_WARN_BOOL_CONVERSION = YES;
				CLANG_WARN_COMMA = YES;
				CLANG_WARN_CONSTANT_CONVERSION = YES;
				CLANG_WARN_DEPRECATED_OBJC_IMPLEMENTATIONS = YES;
				CLANG_WARN_DIRECT_OBJC_ISA_USAGE = YES_ERROR;
				CLANG_WARN_DOCUMENTATION_COMMENTS = YES;
				CLANG_WARN_EMPTY_BODY = YES;
				CLANG_WARN_ENUM_CONVERSION = YES;
				CLANG_WARN_INFINITE_RECURSION = YES;
				CLANG_WARN_INT_CONVERSION = YES;
				CLANG_WARN_NON_LITERAL_NULL_CONVERSION = YES;
				CLANG_WARN_OBJC_IMPLICIT_RETAIN_SELF = YES;
				CLANG_WARN_OBJC_LITERAL_CONVERSION = YES;
				CLANG_WARN_OBJC_ROOT_CLASS = YES_ERROR;
				CLANG_WARN_QUOTED_INCLUDE_IN_FRAMEWORK_HEADER = YES;
				CLANG_WARN_RANGE_LOOP_ANALYSIS = YES;
				CLANG_WARN_STRICT_PROTOTYPES = YES;
				CLANG_WARN_SUSPICIOUS_MOVE = YES;
				CLANG_WARN_UNGUARDED_AVAILABILITY = YES_AGGRESSIVE;
				CLANG_WARN_UNREACHABLE_CODE = YES;
				CLANG_WARN__DUPLICATE_METHOD_MATCH = YES;
				COPY_PHASE_STRIP = NO;
				DEBUG_INFORMATION_FORMAT = dwarf;
				ENABLE_STRICT_OBJC_MSGSEND = YES;
				ENABLE_TESTABILITY = YES;
				GCC_C_LANGUAGE_STANDARD = gnu11;
				GCC_DYNAMIC_NO_PIC = NO;
				GCC_NO_COMMON_BLOCKS = YES;
				GCC_OPTIMIZATION_LEVEL = 0;
				GCC_PREPROCESSOR_DEFINITIONS = (
					"DEBUG=1",
					"$(inherited)",
				);
				GCC_WARN_64_TO_32_BIT_CONVERSION = YES;
				GCC_WARN_ABOUT_RETURN_TYPE = YES_ERROR;
				GCC_WARN_UNDECLARED_SELECTOR = YES;
				GCC_WARN_UNINITIALIZED_AUTOS = YES_AGGRESSIVE;
				GCC_WARN_UNUSED_FUNCTION = YES;
				GCC_WARN_UNUSED_VARIABLE = YES;
				IPHONEOS_DEPLOYMENT_TARGET = 15.5;
				MTL_ENABLE_DEBUG_INFO = INCLUDE_SOURCE;
				MTL_FAST_MATH = YES;
				ONLY_ACTIVE_ARCH = YES;
				SDKROOT = iphoneos;
				SWIFT_ACTIVE_COMPILATION_CONDITIONS = DEBUG;
				SWIFT_OPTIMIZATION_LEVEL = "-Onone";
			};
			name = Debug;
		};
		06761CD6288EA7AC00A91FE8 /* Release */ = {
			isa = XCBuildConfiguration;
			buildSettings = {
				ALWAYS_SEARCH_USER_PATHS = NO;
				CLANG_ANALYZER_NONNULL = YES;
				CLANG_ANALYZER_NUMBER_OBJECT_CONVERSION = YES_AGGRESSIVE;
				CLANG_CXX_LANGUAGE_STANDARD = "gnu++17";
				CLANG_ENABLE_MODULES = YES;
				CLANG_ENABLE_OBJC_ARC = YES;
				CLANG_ENABLE_OBJC_WEAK = YES;
				CLANG_WARN_BLOCK_CAPTURE_AUTORELEASING = YES;
				CLANG_WARN_BOOL_CONVERSION = YES;
				CLANG_WARN_COMMA = YES;
				CLANG_WARN_CONSTANT_CONVERSION = YES;
				CLANG_WARN_DEPRECATED_OBJC_IMPLEMENTATIONS = YES;
				CLANG_WARN_DIRECT_OBJC_ISA_USAGE = YES_ERROR;
				CLANG_WARN_DOCUMENTATION_COMMENTS = YES;
				CLANG_WARN_EMPTY_BODY = YES;
				CLANG_WARN_ENUM_CONVERSION = YES;
				CLANG_WARN_INFINITE_RECURSION = YES;
				CLANG_WARN_INT_CONVERSION = YES;
				CLANG_WARN_NON_LITERAL_NULL_CONVERSION = YES;
				CLANG_WARN_OBJC_IMPLICIT_RETAIN_SELF = YES;
				CLANG_WARN_OBJC_LITERAL_CONVERSION = YES;
				CLANG_WARN_OBJC_ROOT_CLASS = YES_ERROR;
				CLANG_WARN_QUOTED_INCLUDE_IN_FRAMEWORK_HEADER = YES;
				CLANG_WARN_RANGE_LOOP_ANALYSIS = YES;
				CLANG_WARN_STRICT_PROTOTYPES = YES;
				CLANG_WARN_SUSPICIOUS_MOVE = YES;
				CLANG_WARN_UNGUARDED_AVAILABILITY = YES_AGGRESSIVE;
				CLANG_WARN_UNREACHABLE_CODE = YES;
				CLANG_WARN__DUPLICATE_METHOD_MATCH = YES;
				COPY_PHASE_STRIP = NO;
				DEBUG_INFORMATION_FORMAT = "dwarf-with-dsym";
				ENABLE_NS_ASSERTIONS = NO;
				ENABLE_STRICT_OBJC_MSGSEND = YES;
				GCC_C_LANGUAGE_STANDARD = gnu11;
				GCC_NO_COMMON_BLOCKS = YES;
				GCC_WARN_64_TO_32_BIT_CONVERSION = YES;
				GCC_WARN_ABOUT_RETURN_TYPE = YES_ERROR;
				GCC_WARN_UNDECLARED_SELECTOR = YES;
				GCC_WARN_UNINITIALIZED_AUTOS = YES_AGGRESSIVE;
				GCC_WARN_UNUSED_FUNCTION = YES;
				GCC_WARN_UNUSED_VARIABLE = YES;
				IPHONEOS_DEPLOYMENT_TARGET = 15.5;
				MTL_ENABLE_DEBUG_INFO = NO;
				MTL_FAST_MATH = YES;
				SDKROOT = iphoneos;
				SWIFT_COMPILATION_MODE = wholemodule;
				SWIFT_OPTIMIZATION_LEVEL = "-O";
				VALIDATE_PRODUCT = YES;
			};
			name = Release;
		};
		06761CD8288EA7AC00A91FE8 /* Debug */ = {
			isa = XCBuildConfiguration;
			buildSettings = {
				ASSETCATALOG_COMPILER_APPICON_NAME = AppIcon;
				ASSETCATALOG_COMPILER_GLOBAL_ACCENT_COLOR_NAME = AccentColor;
				CODE_SIGN_STYLE = Automatic;
				CURRENT_PROJECT_VERSION = 1;
				DEVELOPMENT_ASSET_PATHS = "\"Morze/Preview Content\"";
				DEVELOPMENT_TEAM = V366LAYG73;
				ENABLE_PREVIEWS = YES;
				GENERATE_INFOPLIST_FILE = YES;
				INFOPLIST_FILE = Morze/Info.plist;
				INFOPLIST_KEY_UIApplicationSceneManifest_Generation = YES;
				INFOPLIST_KEY_UIApplicationSupportsIndirectInputEvents = YES;
				INFOPLIST_KEY_UILaunchScreen_Generation = YES;
				INFOPLIST_KEY_UISupportedInterfaceOrientations_iPad = "UIInterfaceOrientationPortrait UIInterfaceOrientationPortraitUpsideDown UIInterfaceOrientationLandscapeLeft UIInterfaceOrientationLandscapeRight";
				INFOPLIST_KEY_UISupportedInterfaceOrientations_iPhone = "UIInterfaceOrientationPortrait UIInterfaceOrientationLandscapeLeft UIInterfaceOrientationLandscapeRight";
				LD_RUNPATH_SEARCH_PATHS = (
					"$(inherited)",
					"@executable_path/Frameworks",
				);
				MARKETING_VERSION = 1.0;
				PRODUCT_BUNDLE_IDENTIFIER = ios.Morze;
				PRODUCT_NAME = "$(TARGET_NAME)";
				SWIFT_EMIT_LOC_STRINGS = YES;
				SWIFT_VERSION = 5.0;
				TARGETED_DEVICE_FAMILY = "1,2";
			};
			name = Debug;
		};
		06761CD9288EA7AC00A91FE8 /* Release */ = {
			isa = XCBuildConfiguration;
			buildSettings = {
				ASSETCATALOG_COMPILER_APPICON_NAME = AppIcon;
				ASSETCATALOG_COMPILER_GLOBAL_ACCENT_COLOR_NAME = AccentColor;
				CODE_SIGN_STYLE = Automatic;
				CURRENT_PROJECT_VERSION = 1;
				DEVELOPMENT_ASSET_PATHS = "\"Morze/Preview Content\"";
				DEVELOPMENT_TEAM = V366LAYG73;
				ENABLE_PREVIEWS = YES;
				GENERATE_INFOPLIST_FILE = YES;
				INFOPLIST_FILE = Morze/Info.plist;
				INFOPLIST_KEY_UIApplicationSceneManifest_Generation = YES;
				INFOPLIST_KEY_UIApplicationSupportsIndirectInputEvents = YES;
				INFOPLIST_KEY_UILaunchScreen_Generation = YES;
				INFOPLIST_KEY_UISupportedInterfaceOrientations_iPad = "UIInterfaceOrientationPortrait UIInterfaceOrientationPortraitUpsideDown UIInterfaceOrientationLandscapeLeft UIInterfaceOrientationLandscapeRight";
				INFOPLIST_KEY_UISupportedInterfaceOrientations_iPhone = "UIInterfaceOrientationPortrait UIInterfaceOrientationLandscapeLeft UIInterfaceOrientationLandscapeRight";
				LD_RUNPATH_SEARCH_PATHS = (
					"$(inherited)",
					"@executable_path/Frameworks",
				);
				MARKETING_VERSION = 1.0;
				PRODUCT_BUNDLE_IDENTIFIER = ios.Morze;
				PRODUCT_NAME = "$(TARGET_NAME)";
				SWIFT_EMIT_LOC_STRINGS = YES;
				SWIFT_VERSION = 5.0;
				TARGETED_DEVICE_FAMILY = "1,2";
			};
			name = Release;
		};
/* End XCBuildConfiguration section */

/* Begin XCConfigurationList section */
		06761CC4288EA7A800A91FE8 /* Build configuration list for PBXProject "Morze" */ = {
			isa = XCConfigurationList;
			buildConfigurations = (
				06761CD5288EA7AC00A91FE8 /* Debug */,
				06761CD6288EA7AC00A91FE8 /* Release */,
			);
			defaultConfigurationIsVisible = 0;
			defaultConfigurationName = Release;
		};
		06761CD7288EA7AC00A91FE8 /* Build configuration list for PBXNativeTarget "Morze" */ = {
			isa = XCConfigurationList;
			buildConfigurations = (
				06761CD8288EA7AC00A91FE8 /* Debug */,
				06761CD9288EA7AC00A91FE8 /* Release */,
			);
			defaultConfigurationIsVisible = 0;
			defaultConfigurationName = Release;
		};
/* End XCConfigurationList section */

/* Begin XCRemoteSwiftPackageReference section */
		06452D8528A293FD0072081F /* XCRemoteSwiftPackageReference "SwiftUI-Introspect" */ = {
			isa = XCRemoteSwiftPackageReference;
			repositoryURL = "https://github.com/siteline/SwiftUI-Introspect";
			requirement = {
				kind = upToNextMajorVersion;
				minimumVersion = 0.1.4;
			};
		};
/* End XCRemoteSwiftPackageReference section */

/* Begin XCSwiftPackageProductDependency section */
		06452D8628A293FD0072081F /* Introspect */ = {
			isa = XCSwiftPackageProductDependency;
			package = 06452D8528A293FD0072081F /* XCRemoteSwiftPackageReference "SwiftUI-Introspect" */;
			productName = Introspect;
		};
/* End XCSwiftPackageProductDependency section */
	};
	rootObject = 06761CC1288EA7A800A91FE8 /* Project object */;
}
